// !$*UTF8*$!
{
	archiveVersion = 1;
	classes = {
	};
	objectVersion = 56;
	objects = {

/* Begin PBXBuildFile section */
		84291E372CA5720D00D7447E /* AppDelegate.swift in Sources */ = {isa = PBXBuildFile; fileRef = 84291E362CA5720D00D7447E /* AppDelegate.swift */; };
		84291E392CA5720D00D7447E /* SceneDelegate.swift in Sources */ = {isa = PBXBuildFile; fileRef = 84291E382CA5720D00D7447E /* SceneDelegate.swift */; };
		84291E3B2CA5720D00D7447E /* ViewController.swift in Sources */ = {isa = PBXBuildFile; fileRef = 84291E3A2CA5720D00D7447E /* ViewController.swift */; };
		84291E3E2CA5720D00D7447E /* Base in Resources */ = {isa = PBXBuildFile; fileRef = 84291E3D2CA5720D00D7447E /* Base */; };
		84291E402CA5720E00D7447E /* Assets.xcassets in Resources */ = {isa = PBXBuildFile; fileRef = 84291E3F2CA5720E00D7447E /* Assets.xcassets */; };
		84291E432CA5720E00D7447E /* Base in Resources */ = {isa = PBXBuildFile; fileRef = 84291E422CA5720E00D7447E /* Base */; };
		84291E4E2CA5720F00D7447E /* ScrollPixTests.swift in Sources */ = {isa = PBXBuildFile; fileRef = 84291E4D2CA5720F00D7447E /* ScrollPixTests.swift */; };
		84291E582CA5720F00D7447E /* ScrollPixUITests.swift in Sources */ = {isa = PBXBuildFile; fileRef = 84291E572CA5720F00D7447E /* ScrollPixUITests.swift */; };
		84291E5A2CA5720F00D7447E /* ScrollPixUITestsLaunchTests.swift in Sources */ = {isa = PBXBuildFile; fileRef = 84291E592CA5720F00D7447E /* ScrollPixUITestsLaunchTests.swift */; };
/* End PBXBuildFile section */

/* Begin PBXContainerItemProxy section */
		84291E4A2CA5720F00D7447E /* PBXContainerItemProxy */ = {
			isa = PBXContainerItemProxy;
			containerPortal = 84291E2B2CA5720D00D7447E /* Project object */;
			proxyType = 1;
			remoteGlobalIDString = 84291E322CA5720D00D7447E;
			remoteInfo = ScrollPix;
		};
		84291E542CA5720F00D7447E /* PBXContainerItemProxy */ = {
			isa = PBXContainerItemProxy;
			containerPortal = 84291E2B2CA5720D00D7447E /* Project object */;
			proxyType = 1;
			remoteGlobalIDString = 84291E322CA5720D00D7447E;
			remoteInfo = ScrollPix;
		};
/* End PBXContainerItemProxy section */

/* Begin PBXFileReference section */
		84291E332CA5720D00D7447E /* ScrollPix.app */ = {isa = PBXFileReference; explicitFileType = wrapper.application; includeInIndex = 0; path = ScrollPix.app; sourceTree = BUILT_PRODUCTS_DIR; };
		84291E362CA5720D00D7447E /* AppDelegate.swift */ = {isa = PBXFileReference; lastKnownFileType = sourcecode.swift; path = AppDelegate.swift; sourceTree = "<group>"; };
		84291E382CA5720D00D7447E /* SceneDelegate.swift */ = {isa = PBXFileReference; lastKnownFileType = sourcecode.swift; path = SceneDelegate.swift; sourceTree = "<group>"; };
		84291E3A2CA5720D00D7447E /* ViewController.swift */ = {isa = PBXFileReference; lastKnownFileType = sourcecode.swift; path = ViewController.swift; sourceTree = "<group>"; };
		84291E3D2CA5720D00D7447E /* Base */ = {isa = PBXFileReference; lastKnownFileType = file.storyboard; name = Base; path = Base.lproj/Main.storyboard; sourceTree = "<group>"; };
		84291E3F2CA5720E00D7447E /* Assets.xcassets */ = {isa = PBXFileReference; lastKnownFileType = folder.assetcatalog; path = Assets.xcassets; sourceTree = "<group>"; };
		84291E422CA5720E00D7447E /* Base */ = {isa = PBXFileReference; lastKnownFileType = file.storyboard; name = Base; path = Base.lproj/LaunchScreen.storyboard; sourceTree = "<group>"; };
		84291E442CA5720E00D7447E /* Info.plist */ = {isa = PBXFileReference; lastKnownFileType = text.plist.xml; path = Info.plist; sourceTree = "<group>"; };
		84291E492CA5720F00D7447E /* ScrollPixTests.xctest */ = {isa = PBXFileReference; explicitFileType = wrapper.cfbundle; includeInIndex = 0; path = ScrollPixTests.xctest; sourceTree = BUILT_PRODUCTS_DIR; };
		84291E4D2CA5720F00D7447E /* ScrollPixTests.swift */ = {isa = PBXFileReference; lastKnownFileType = sourcecode.swift; path = ScrollPixTests.swift; sourceTree = "<group>"; };
		84291E532CA5720F00D7447E /* ScrollPixUITests.xctest */ = {isa = PBXFileReference; explicitFileType = wrapper.cfbundle; includeInIndex = 0; path = ScrollPixUITests.xctest; sourceTree = BUILT_PRODUCTS_DIR; };
		84291E572CA5720F00D7447E /* ScrollPixUITests.swift */ = {isa = PBXFileReference; lastKnownFileType = sourcecode.swift; path = ScrollPixUITests.swift; sourceTree = "<group>"; };
		84291E592CA5720F00D7447E /* ScrollPixUITestsLaunchTests.swift */ = {isa = PBXFileReference; lastKnownFileType = sourcecode.swift; path = ScrollPixUITestsLaunchTests.swift; sourceTree = "<group>"; };
/* End PBXFileReference section */

/* Begin PBXFrameworksBuildPhase section */
		84291E302CA5720D00D7447E /* Frameworks */ = {
			isa = PBXFrameworksBuildPhase;
			buildActionMask = 2147483647;
			files = (
			);
			runOnlyForDeploymentPostprocessing = 0;
		};
		84291E462CA5720F00D7447E /* Frameworks */ = {
			isa = PBXFrameworksBuildPhase;
			buildActionMask = 2147483647;
			files = (
			);
			runOnlyForDeploymentPostprocessing = 0;
		};
		84291E502CA5720F00D7447E /* Frameworks */ = {
			isa = PBXFrameworksBuildPhase;
			buildActionMask = 2147483647;
			files = (
			);
			runOnlyForDeploymentPostprocessing = 0;
		};
/* End PBXFrameworksBuildPhase section */

/* Begin PBXGroup section */
		84291E2A2CA5720D00D7447E = {
			isa = PBXGroup;
			children = (
				84291E352CA5720D00D7447E /* ScrollPix */,
				84291E4C2CA5720F00D7447E /* ScrollPixTests */,
				84291E562CA5720F00D7447E /* ScrollPixUITests */,
				84291E342CA5720D00D7447E /* Products */,
			);
			sourceTree = "<group>";
		};
		84291E342CA5720D00D7447E /* Products */ = {
			isa = PBXGroup;
			children = (
				84291E332CA5720D00D7447E /* ScrollPix.app */,
				84291E492CA5720F00D7447E /* ScrollPixTests.xctest */,
				84291E532CA5720F00D7447E /* ScrollPixUITests.xctest */,
			);
			name = Products;
			sourceTree = "<group>";
		};
		84291E352CA5720D00D7447E /* ScrollPix */ = {
			isa = PBXGroup;
			children = (
				84291E362CA5720D00D7447E /* AppDelegate.swift */,
				84291E382CA5720D00D7447E /* SceneDelegate.swift */,
				84291E3A2CA5720D00D7447E /* ViewController.swift */,
				84291E3C2CA5720D00D7447E /* Main.storyboard */,
				84291E3F2CA5720E00D7447E /* Assets.xcassets */,
				84291E412CA5720E00D7447E /* LaunchScreen.storyboard */,
				84291E442CA5720E00D7447E /* Info.plist */,
			);
			path = ScrollPix;
			sourceTree = "<group>";
		};
		84291E4C2CA5720F00D7447E /* ScrollPixTests */ = {
			isa = PBXGroup;
			children = (
				84291E4D2CA5720F00D7447E /* ScrollPixTests.swift */,
			);
			path = ScrollPixTests;
			sourceTree = "<group>";
		};
		84291E562CA5720F00D7447E /* ScrollPixUITests */ = {
			isa = PBXGroup;
			children = (
				84291E572CA5720F00D7447E /* ScrollPixUITests.swift */,
				84291E592CA5720F00D7447E /* ScrollPixUITestsLaunchTests.swift */,
			);
			path = ScrollPixUITests;
			sourceTree = "<group>";
		};
/* End PBXGroup section */

/* Begin PBXNativeTarget section */
		84291E322CA5720D00D7447E /* ScrollPix */ = {
			isa = PBXNativeTarget;
			buildConfigurationList = 84291E5D2CA5720F00D7447E /* Build configuration list for PBXNativeTarget "ScrollPix" */;
			buildPhases = (
				84291E2F2CA5720D00D7447E /* Sources */,
				84291E302CA5720D00D7447E /* Frameworks */,
				84291E312CA5720D00D7447E /* Resources */,
			);
			buildRules = (
			);
			dependencies = (
			);
			name = ScrollPix;
			productName = ScrollPix;
			productReference = 84291E332CA5720D00D7447E /* ScrollPix.app */;
			productType = "com.apple.product-type.application";
		};
		84291E482CA5720F00D7447E /* ScrollPixTests */ = {
			isa = PBXNativeTarget;
			buildConfigurationList = 84291E602CA5720F00D7447E /* Build configuration list for PBXNativeTarget "ScrollPixTests" */;
			buildPhases = (
				84291E452CA5720F00D7447E /* Sources */,
				84291E462CA5720F00D7447E /* Frameworks */,
				84291E472CA5720F00D7447E /* Resources */,
			);
			buildRules = (
			);
			dependencies = (
				84291E4B2CA5720F00D7447E /* PBXTargetDependency */,
			);
			name = ScrollPixTests;
			productName = ScrollPixTests;
			productReference = 84291E492CA5720F00D7447E /* ScrollPixTests.xctest */;
			productType = "com.apple.product-type.bundle.unit-test";
		};
		84291E522CA5720F00D7447E /* ScrollPixUITests */ = {
			isa = PBXNativeTarget;
			buildConfigurationList = 84291E632CA5720F00D7447E /* Build configuration list for PBXNativeTarget "ScrollPixUITests" */;
			buildPhases = (
				84291E4F2CA5720F00D7447E /* Sources */,
				84291E502CA5720F00D7447E /* Frameworks */,
				84291E512CA5720F00D7447E /* Resources */,
			);
			buildRules = (
			);
			dependencies = (
				84291E552CA5720F00D7447E /* PBXTargetDependency */,
			);
			name = ScrollPixUITests;
			productName = ScrollPixUITests;
			productReference = 84291E532CA5720F00D7447E /* ScrollPixUITests.xctest */;
			productType = "com.apple.product-type.bundle.ui-testing";
		};
/* End PBXNativeTarget section */

/* Begin PBXProject section */
		84291E2B2CA5720D00D7447E /* Project object */ = {
			isa = PBXProject;
			attributes = {
				BuildIndependentTargetsInParallel = 1;
				LastSwiftUpdateCheck = 1530;
				LastUpgradeCheck = 1530;
				TargetAttributes = {
					84291E322CA5720D00D7447E = {
						CreatedOnToolsVersion = 15.3;
					};
					84291E482CA5720F00D7447E = {
						CreatedOnToolsVersion = 15.3;
						TestTargetID = 84291E322CA5720D00D7447E;
					};
					84291E522CA5720F00D7447E = {
						CreatedOnToolsVersion = 15.3;
						TestTargetID = 84291E322CA5720D00D7447E;
					};
				};
			};
			buildConfigurationList = 84291E2E2CA5720D00D7447E /* Build configuration list for PBXProject "ScrollPix" */;
			compatibilityVersion = "Xcode 14.0";
			developmentRegion = en;
			hasScannedForEncodings = 0;
			knownRegions = (
				en,
				Base,
			);
			mainGroup = 84291E2A2CA5720D00D7447E;
			productRefGroup = 84291E342CA5720D00D7447E /* Products */;
			projectDirPath = "";
			projectRoot = "";
			targets = (
				84291E322CA5720D00D7447E /* ScrollPix */,
				84291E482CA5720F00D7447E /* ScrollPixTests */,
				84291E522CA5720F00D7447E /* ScrollPixUITests */,
			);
		};
/* End PBXProject section */

/* Begin PBXResourcesBuildPhase section */
		84291E312CA5720D00D7447E /* Resources */ = {
			isa = PBXResourcesBuildPhase;
			buildActionMask = 2147483647;
			files = (
				84291E402CA5720E00D7447E /* Assets.xcassets in Resources */,
				84291E432CA5720E00D7447E /* Base in Resources */,
				84291E3E2CA5720D00D7447E /* Base in Resources */,
			);
			runOnlyForDeploymentPostprocessing = 0;
		};
		84291E472CA5720F00D7447E /* Resources */ = {
			isa = PBXResourcesBuildPhase;
			buildActionMask = 2147483647;
			files = (
			);
			runOnlyForDeploymentPostprocessing = 0;
		};
		84291E512CA5720F00D7447E /* Resources */ = {
			isa = PBXResourcesBuildPhase;
			buildActionMask = 2147483647;
			files = (
			);
			runOnlyForDeploymentPostprocessing = 0;
		};
/* End PBXResourcesBuildPhase section */

/* Begin PBXSourcesBuildPhase section */
		84291E2F2CA5720D00D7447E /* Sources */ = {
			isa = PBXSourcesBuildPhase;
			buildActionMask = 2147483647;
			files = (
				84291E3B2CA5720D00D7447E /* ViewController.swift in Sources */,
				84291E372CA5720D00D7447E /* AppDelegate.swift in Sources */,
				84291E392CA5720D00D7447E /* SceneDelegate.swift in Sources */,
			);
			runOnlyForDeploymentPostprocessing = 0;
		};
		84291E452CA5720F00D7447E /* Sources */ = {
			isa = PBXSourcesBuildPhase;
			buildActionMask = 2147483647;
			files = (
				84291E4E2CA5720F00D7447E /* ScrollPixTests.swift in Sources */,
			);
			runOnlyForDeploymentPostprocessing = 0;
		};
		84291E4F2CA5720F00D7447E /* Sources */ = {
			isa = PBXSourcesBuildPhase;
			buildActionMask = 2147483647;
			files = (
				84291E582CA5720F00D7447E /* ScrollPixUITests.swift in Sources */,
				84291E5A2CA5720F00D7447E /* ScrollPixUITestsLaunchTests.swift in Sources */,
			);
			runOnlyForDeploymentPostprocessing = 0;
		};
/* End PBXSourcesBuildPhase section */

/* Begin PBXTargetDependency section */
		84291E4B2CA5720F00D7447E /* PBXTargetDependency */ = {
			isa = PBXTargetDependency;
			target = 84291E322CA5720D00D7447E /* ScrollPix */;
			targetProxy = 84291E4A2CA5720F00D7447E /* PBXContainerItemProxy */;
		};
		84291E552CA5720F00D7447E /* PBXTargetDependency */ = {
			isa = PBXTargetDependency;
			target = 84291E322CA5720D00D7447E /* ScrollPix */;
			targetProxy = 84291E542CA5720F00D7447E /* PBXContainerItemProxy */;
		};
/* End PBXTargetDependency section */

/* Begin PBXVariantGroup section */
		84291E3C2CA5720D00D7447E /* Main.storyboard */ = {
			isa = PBXVariantGroup;
			children = (
				84291E3D2CA5720D00D7447E /* Base */,
			);
			name = Main.storyboard;
			sourceTree = "<group>";
		};
		84291E412CA5720E00D7447E /* LaunchScreen.storyboard */ = {
			isa = PBXVariantGroup;
			children = (
				84291E422CA5720E00D7447E /* Base */,
			);
			name = LaunchScreen.storyboard;
			sourceTree = "<group>";
		};
/* End PBXVariantGroup section */

/* Begin XCBuildConfiguration section */
		84291E5B2CA5720F00D7447E /* Debug */ = {
			isa = XCBuildConfiguration;
			buildSettings = {
				ALWAYS_SEARCH_USER_PATHS = NO;
				ASSETCATALOG_COMPILER_GENERATE_SWIFT_ASSET_SYMBOL_EXTENSIONS = YES;
				CLANG_ANALYZER_NONNULL = YES;
				CLANG_ANALYZER_NUMBER_OBJECT_CONVERSION = YES_AGGRESSIVE;
				CLANG_CXX_LANGUAGE_STANDARD = "gnu++20";
				CLANG_ENABLE_MODULES = YES;
				CLANG_ENABLE_OBJC_ARC = YES;
				CLANG_ENABLE_OBJC_WEAK = YES;
				CLANG_WARN_BLOCK_CAPTURE_AUTORELEASING = YES;
				CLANG_WARN_BOOL_CONVERSION = YES;
				CLANG_WARN_COMMA = YES;
				CLANG_WARN_CONSTANT_CONVERSION = YES;
				CLANG_WARN_DEPRECATED_OBJC_IMPLEMENTATIONS = YES;
				CLANG_WARN_DIRECT_OBJC_ISA_USAGE = YES_ERROR;
				CLANG_WARN_DOCUMENTATION_COMMENTS = YES;
				CLANG_WARN_EMPTY_BODY = YES;
				CLANG_WARN_ENUM_CONVERSION = YES;
				CLANG_WARN_INFINITE_RECURSION = YES;
				CLANG_WARN_INT_CONVERSION = YES;
				CLANG_WARN_NON_LITERAL_NULL_CONVERSION = YES;
				CLANG_WARN_OBJC_IMPLICIT_RETAIN_SELF = YES;
				CLANG_WARN_OBJC_LITERAL_CONVERSION = YES;
				CLANG_WARN_OBJC_ROOT_CLASS = YES_ERROR;
				CLANG_WARN_QUOTED_INCLUDE_IN_FRAMEWORK_HEADER = YES;
				CLANG_WARN_RANGE_LOOP_ANALYSIS = YES;
				CLANG_WARN_STRICT_PROTOTYPES = YES;
				CLANG_WARN_SUSPICIOUS_MOVE = YES;
				CLANG_WARN_UNGUARDED_AVAILABILITY = YES_AGGRESSIVE;
				CLANG_WARN_UNREACHABLE_CODE = YES;
				CLANG_WARN__DUPLICATE_METHOD_MATCH = YES;
				COPY_PHASE_STRIP = NO;
				DEBUG_INFORMATION_FORMAT = dwarf;
				ENABLE_STRICT_OBJC_MSGSEND = YES;
				ENABLE_TESTABILITY = YES;
				ENABLE_USER_SCRIPT_SANDBOXING = YES;
				GCC_C_LANGUAGE_STANDARD = gnu17;
				GCC_DYNAMIC_NO_PIC = NO;
				GCC_NO_COMMON_BLOCKS = YES;
				GCC_OPTIMIZATION_LEVEL = 0;
				GCC_PREPROCESSOR_DEFINITIONS = (
					"DEBUG=1",
					"$(inherited)",
				);
				GCC_WARN_64_TO_32_BIT_CONVERSION = YES;
				GCC_WARN_ABOUT_RETURN_TYPE = YES_ERROR;
				GCC_WARN_UNDECLARED_SELECTOR = YES;
				GCC_WARN_UNINITIALIZED_AUTOS = YES_AGGRESSIVE;
				GCC_WARN_UNUSED_FUNCTION = YES;
				GCC_WARN_UNUSED_VARIABLE = YES;
				IPHONEOS_DEPLOYMENT_TARGET = 17.4;
				LOCALIZATION_PREFERS_STRING_CATALOGS = YES;
				MTL_ENABLE_DEBUG_INFO = INCLUDE_SOURCE;
				MTL_FAST_MATH = YES;
				ONLY_ACTIVE_ARCH = YES;
				SDKROOT = iphoneos;
				SWIFT_ACTIVE_COMPILATION_CONDITIONS = "DEBUG $(inherited)";
				SWIFT_OPTIMIZATION_LEVEL = "-Onone";
			};
			name = Debug;
		};
		84291E5C2CA5720F00D7447E /* Release */ = {
			isa = XCBuildConfiguration;
			buildSettings = {
				ALWAYS_SEARCH_USER_PATHS = NO;
				ASSETCATALOG_COMPILER_GENERATE_SWIFT_ASSET_SYMBOL_EXTENSIONS = YES;
				CLANG_ANALYZER_NONNULL = YES;
				CLANG_ANALYZER_NUMBER_OBJECT_CONVERSION = YES_AGGRESSIVE;
				CLANG_CXX_LANGUAGE_STANDARD = "gnu++20";
				CLANG_ENABLE_MODULES = YES;
				CLANG_ENABLE_OBJC_ARC = YES;
				CLANG_ENABLE_OBJC_WEAK = YES;
				CLANG_WARN_BLOCK_CAPTURE_AUTORELEASING = YES;
				CLANG_WARN_BOOL_CONVERSION = YES;
				CLANG_WARN_COMMA = YES;
				CLANG_WARN_CONSTANT_CONVERSION = YES;
				CLANG_WARN_DEPRECATED_OBJC_IMPLEMENTATIONS = YES;
				CLANG_WARN_DIRECT_OBJC_ISA_USAGE = YES_ERROR;
				CLANG_WARN_DOCUMENTATION_COMMENTS = YES;
				CLANG_WARN_EMPTY_BODY = YES;
				CLANG_WARN_ENUM_CONVERSION = YES;
				CLANG_WARN_INFINITE_RECURSION = YES;
				CLANG_WARN_INT_CONVERSION = YES;
				CLANG_WARN_NON_LITERAL_NULL_CONVERSION = YES;
				CLANG_WARN_OBJC_IMPLICIT_RETAIN_SELF = YES;
				CLANG_WARN_OBJC_LITERAL_CONVERSION = YES;
				CLANG_WARN_OBJC_ROOT_CLASS = YES_ERROR;
				CLANG_WARN_QUOTED_INCLUDE_IN_FRAMEWORK_HEADER = YES;
				CLANG_WARN_RANGE_LOOP_ANALYSIS = YES;
				CLANG_WARN_STRICT_PROTOTYPES = YES;
				CLANG_WARN_SUSPICIOUS_MOVE = YES;
				CLANG_WARN_UNGUARDED_AVAILABILITY = YES_AGGRESSIVE;
				CLANG_WARN_UNREACHABLE_CODE = YES;
				CLANG_WARN__DUPLICATE_METHOD_MATCH = YES;
				COPY_PHASE_STRIP = NO;
				DEBUG_INFORMATION_FORMAT = "dwarf-with-dsym";
				ENABLE_NS_ASSERTIONS = NO;
				ENABLE_STRICT_OBJC_MSGSEND = YES;
				ENABLE_USER_SCRIPT_SANDBOXING = YES;
				GCC_C_LANGUAGE_STANDARD = gnu17;
				GCC_NO_COMMON_BLOCKS = YES;
				GCC_WARN_64_TO_32_BIT_CONVERSION = YES;
				GCC_WARN_ABOUT_RETURN_TYPE = YES_ERROR;
				GCC_WARN_UNDECLARED_SELECTOR = YES;
				GCC_WARN_UNINITIALIZED_AUTOS = YES_AGGRESSIVE;
				GCC_WARN_UNUSED_FUNCTION = YES;
				GCC_WARN_UNUSED_VARIABLE = YES;
				IPHONEOS_DEPLOYMENT_TARGET = 17.4;
				LOCALIZATION_PREFERS_STRING_CATALOGS = YES;
				MTL_ENABLE_DEBUG_INFO = NO;
				MTL_FAST_MATH = YES;
				SDKROOT = iphoneos;
				SWIFT_COMPILATION_MODE = wholemodule;
				VALIDATE_PRODUCT = YES;
			};
			name = Release;
		};
		84291E5E2CA5720F00D7447E /* Debug */ = {
			isa = XCBuildConfiguration;
			buildSettings = {
				ASSETCATALOG_COMPILER_APPICON_NAME = AppIcon;
				ASSETCATALOG_COMPILER_GLOBAL_ACCENT_COLOR_NAME = AccentColor;
				CODE_SIGN_STYLE = Automatic;
				CURRENT_PROJECT_VERSION = 1;
				DEVELOPMENT_TEAM = NUX53VR35X;
				GENERATE_INFOPLIST_FILE = YES;
				INFOPLIST_FILE = ScrollPix/Info.plist;
				INFOPLIST_KEY_UIApplicationSupportsIndirectInputEvents = YES;
				INFOPLIST_KEY_UILaunchStoryboardName = LaunchScreen;
				INFOPLIST_KEY_UIMainStoryboardFile = Main;
				INFOPLIST_KEY_UISupportedInterfaceOrientations = UIInterfaceOrientationPortrait;
				IPHONEOS_DEPLOYMENT_TARGET = 13.0;
				LD_RUNPATH_SEARCH_PATHS = (
					"$(inherited)",
					"@executable_path/Frameworks",
				);
				MARKETING_VERSION = 1.0;
				PRODUCT_BUNDLE_IDENTIFIER = com.fEgor.ScrollPix;
				PRODUCT_NAME = "$(TARGET_NAME)";
				SUPPORTED_PLATFORMS = "iphoneos iphonesimulator";
				SUPPORTS_MACCATALYST = NO;
				SWIFT_EMIT_LOC_STRINGS = YES;
				SWIFT_VERSION = 5.0;
				TARGETED_DEVICE_FAMILY = 1;
			};
			name = Debug;
		};
		84291E5F2CA5720F00D7447E /* Release */ = {
			isa = XCBuildConfiguration;
			buildSettings = {
				ASSETCATALOG_COMPILER_APPICON_NAME = AppIcon;
				ASSETCATALOG_COMPILER_GLOBAL_ACCENT_COLOR_NAME = AccentColor;
				CODE_SIGN_STYLE = Automatic;
				CURRENT_PROJECT_VERSION = 1;
				DEVELOPMENT_TEAM = NUX53VR35X;
				GENERATE_INFOPLIST_FILE = YES;
				INFOPLIST_FILE = ScrollPix/Info.plist;
				INFOPLIST_KEY_UIApplicationSupportsIndirectInputEvents = YES;
				INFOPLIST_KEY_UILaunchStoryboardName = LaunchScreen;
				INFOPLIST_KEY_UIMainStoryboardFile = Main;
				INFOPLIST_KEY_UISupportedInterfaceOrientations = UIInterfaceOrientationPortrait;
				IPHONEOS_DEPLOYMENT_TARGET = 13.0;
				LD_RUNPATH_SEARCH_PATHS = (
					"$(inherited)",
					"@executable_path/Frameworks",
				);
				MARKETING_VERSION = 1.0;
				PRODUCT_BUNDLE_IDENTIFIER = com.fEgor.ScrollPix;
				PRODUCT_NAME = "$(TARGET_NAME)";
				SUPPORTED_PLATFORMS = "iphoneos iphonesimulator";
				SUPPORTS_MACCATALYST = NO;
				SWIFT_EMIT_LOC_STRINGS = YES;
				SWIFT_VERSION = 5.0;
				TARGETED_DEVICE_FAMILY = 1;
			};
			name = Release;
		};
		84291E612CA5720F00D7447E /* Debug */ = {
			isa = XCBuildConfiguration;
			buildSettings = {
				ALWAYS_EMBED_SWIFT_STANDARD_LIBRARIES = YES;
				BUNDLE_LOADER = "$(TEST_HOST)";
				CODE_SIGN_STYLE = Automatic;
				CURRENT_PROJECT_VERSION = 1;
				DEVELOPMENT_TEAM = NUX53VR35X;
				GENERATE_INFOPLIST_FILE = YES;
				IPHONEOS_DEPLOYMENT_TARGET = 17.4;
				MARKETING_VERSION = 1.0;
				PRODUCT_BUNDLE_IDENTIFIER = com.fEgor.ScrollPixTests;
				PRODUCT_NAME = "$(TARGET_NAME)";
				SWIFT_EMIT_LOC_STRINGS = NO;
				SWIFT_VERSION = 5.0;
				TARGETED_DEVICE_FAMILY = "1,2";
				TEST_HOST = "$(BUILT_PRODUCTS_DIR)/ScrollPix.app/$(BUNDLE_EXECUTABLE_FOLDER_PATH)/ScrollPix";
			};
			name = Debug;
		};
		84291E622CA5720F00D7447E /* Release */ = {
			isa = XCBuildConfiguration;
			buildSettings = {
				ALWAYS_EMBED_SWIFT_STANDARD_LIBRARIES = YES;
				BUNDLE_LOADER = "$(TEST_HOST)";
				CODE_SIGN_STYLE = Automatic;
				CURRENT_PROJECT_VERSION = 1;
				DEVELOPMENT_TEAM = NUX53VR35X;
				GENERATE_INFOPLIST_FILE = YES;
				IPHONEOS_DEPLOYMENT_TARGET = 17.4;
				MARKETING_VERSION = 1.0;
				PRODUCT_BUNDLE_IDENTIFIER = com.fEgor.ScrollPixTests;
				PRODUCT_NAME = "$(TARGET_NAME)";
				SWIFT_EMIT_LOC_STRINGS = NO;
				SWIFT_VERSION = 5.0;
				TARGETED_DEVICE_FAMILY = "1,2";
				TEST_HOST = "$(BUILT_PRODUCTS_DIR)/ScrollPix.app/$(BUNDLE_EXECUTABLE_FOLDER_PATH)/ScrollPix";
			};
			name = Release;
		};
		84291E642CA5720F00D7447E /* Debug */ = {
			isa = XCBuildConfiguration;
			buildSettings = {
				ALWAYS_EMBED_SWIFT_STANDARD_LIBRARIES = YES;
				CODE_SIGN_STYLE = Automatic;
				CURRENT_PROJECT_VERSION = 1;
				DEVELOPMENT_TEAM = NUX53VR35X;
				GENERATE_INFOPLIST_FILE = YES;
				MARKETING_VERSION = 1.0;
				PRODUCT_BUNDLE_IDENTIFIER = com.fEgor.ScrollPixUITests;
				PRODUCT_NAME = "$(TARGET_NAME)";
				SWIFT_EMIT_LOC_STRINGS = NO;
				SWIFT_VERSION = 5.0;
				TARGETED_DEVICE_FAMILY = "1,2";
				TEST_TARGET_NAME = ScrollPix;
			};
			name = Debug;
		};
		84291E652CA5720F00D7447E /* Release */ = {
			isa = XCBuildConfiguration;
			buildSettings = {
				ALWAYS_EMBED_SWIFT_STANDARD_LIBRARIES = YES;
				CODE_SIGN_STYLE = Automatic;
				CURRENT_PROJECT_VERSION = 1;
				DEVELOPMENT_TEAM = NUX53VR35X;
				GENERATE_INFOPLIST_FILE = YES;
				MARKETING_VERSION = 1.0;
				PRODUCT_BUNDLE_IDENTIFIER = com.fEgor.ScrollPixUITests;
				PRODUCT_NAME = "$(TARGET_NAME)";
				SWIFT_EMIT_LOC_STRINGS = NO;
				SWIFT_VERSION = 5.0;
				TARGETED_DEVICE_FAMILY = "1,2";
				TEST_TARGET_NAME = ScrollPix;
			};
			name = Release;
		};
/* End XCBuildConfiguration section */

/* Begin XCConfigurationList section */
		84291E2E2CA5720D00D7447E /* Build configuration list for PBXProject "ScrollPix" */ = {
			isa = XCConfigurationList;
			buildConfigurations = (
				84291E5B2CA5720F00D7447E /* Debug */,
				84291E5C2CA5720F00D7447E /* Release */,
			);
			defaultConfigurationIsVisible = 0;
			defaultConfigurationName = Release;
		};
		84291E5D2CA5720F00D7447E /* Build configuration list for PBXNativeTarget "ScrollPix" */ = {
			isa = XCConfigurationList;
			buildConfigurations = (
				84291E5E2CA5720F00D7447E /* Debug */,
				84291E5F2CA5720F00D7447E /* Release */,
			);
			defaultConfigurationIsVisible = 0;
			defaultConfigurationName = Release;
		};
		84291E602CA5720F00D7447E /* Build configuration list for PBXNativeTarget "ScrollPixTests" */ = {
			isa = XCConfigurationList;
			buildConfigurations = (
				84291E612CA5720F00D7447E /* Debug */,
				84291E622CA5720F00D7447E /* Release */,
			);
			defaultConfigurationIsVisible = 0;
			defaultConfigurationName = Release;
		};
		84291E632CA5720F00D7447E /* Build configuration list for PBXNativeTarget "ScrollPixUITests" */ = {
			isa = XCConfigurationList;
			buildConfigurations = (
				84291E642CA5720F00D7447E /* Debug */,
				84291E652CA5720F00D7447E /* Release */,
			);
			defaultConfigurationIsVisible = 0;
			defaultConfigurationName = Release;
		};
/* End XCConfigurationList section */
	};
	rootObject = 84291E2B2CA5720D00D7447E /* Project object */;
}
